<?xml version="1.0" encoding="utf-8"?>
<Project ToolsVersion="4.0" xmlns="http://schemas.microsoft.com/developer/msbuild/2003">
  <ItemGroup>
    <Filter Include="Source Files">
      <UniqueIdentifier>{4FC737F1-C7A5-4376-A066-2A32D752A2FF}</UniqueIdentifier>
      <Extensions>cpp;c;cc;cxx;def;odl;idl;hpj;bat;asm;asmx</Extensions>
    </Filter>
    <Filter Include="Header Files">
      <UniqueIdentifier>{93995380-89BD-4b04-88EB-625FBE52EBFB}</UniqueIdentifier>
      <Extensions>h;hpp;hxx;hm;inl;inc;xsd</Extensions>
    </Filter>
    <Filter Include="Resource Files">
      <UniqueIdentifier>{67DA6AB6-F800-4c08-8B7A-83BB121AAD01}</UniqueIdentifier>
      <Extensions>rc;ico;cur;bmp;dlg;rc2;rct;bin;rgs;gif;jpg;jpeg;jpe;resx;tiff;tif;png;wav;mfcribbon-ms</Extensions>
    </Filter>
    <Filter Include="Header Files\Renderer">
      <UniqueIdentifier>{8d029fb9-1ed6-4192-9364-1d4151f9e821}</UniqueIdentifier>
    </Filter>
    <Filter Include="Header Files\Engine">
      <UniqueIdentifier>{66376109-c251-4447-8d5c-dd50da0f9a15}</UniqueIdentifier>
    </Filter>
    <Filter Include="Source Files\Engine">
      <UniqueIdentifier>{8df9498a-e983-46f9-9abb-976a8fbefdf7}</UniqueIdentifier>
    </Filter>
    <Filter Include="Source Files\Platform">
      <UniqueIdentifier>{5123795e-bb83-410e-8126-3ca9c513c52b}</UniqueIdentifier>
    </Filter>
    <Filter Include="Header Files\Platform">
      <UniqueIdentifier>{560a57c5-0295-46dd-a360-f7cd9f051881}</UniqueIdentifier>
    </Filter>
    <Filter Include="Source Files\Renderer">
      <UniqueIdentifier>{69a19593-b912-4ffe-be85-28433cd45c17}</UniqueIdentifier>
    </Filter>
    <Filter Include="Header Files\Renderer\OpenGL">
      <UniqueIdentifier>{9d13f9c3-a301-4afb-aaf6-a83ba95a4573}</UniqueIdentifier>
    </Filter>
    <Filter Include="Source Files\Renderer\OpenGL">
      <UniqueIdentifier>{ac46dbcc-7c1d-42b9-80fe-74368fe29154}</UniqueIdentifier>
    </Filter>
    <Filter Include="Source Files\Platform\Win32">
      <UniqueIdentifier>{4eaecba8-6222-44b8-a9de-9fa4472dd5d8}</UniqueIdentifier>
    </Filter>
    <Filter Include="Header Files\Platform\Win32">
      <UniqueIdentifier>{7f5d3023-b69c-4a1c-8548-d2125a962462}</UniqueIdentifier>
    </Filter>
    <Filter Include="Header Files\Display">
      <UniqueIdentifier>{1c4bfdcc-44e8-46ef-88e6-06df9c93561f}</UniqueIdentifier>
    </Filter>
    <Filter Include="Header Files\Display\Win32">
      <UniqueIdentifier>{99643994-f934-4937-aa59-599159d8f39b}</UniqueIdentifier>
    </Filter>
    <Filter Include="Source Files\Display">
      <UniqueIdentifier>{e15d5379-bc0f-452a-a415-5c330aabd078}</UniqueIdentifier>
    </Filter>
    <Filter Include="Source Files\Display\Win32">
      <UniqueIdentifier>{735362cf-956d-484c-9192-626845a8fb8b}</UniqueIdentifier>
    </Filter>
    <Filter Include="Source Files\Scene">
      <UniqueIdentifier>{c1cd5be7-994b-41bf-8a59-4e1a0b811fd7}</UniqueIdentifier>
    </Filter>
    <Filter Include="Header Files\Scene">
      <UniqueIdentifier>{6013b365-3d9a-4f4c-9f82-feeb3d70a632}</UniqueIdentifier>
    </Filter>
    <Filter Include="Source Files\Renderer\Textures">
      <UniqueIdentifier>{b49f69a0-173c-44f8-b11e-d1477aef8d21}</UniqueIdentifier>
    </Filter>
    <Filter Include="Header Files\Renderer\Textures">
      <UniqueIdentifier>{94b752b5-d659-41bd-b1c3-892f92f259b0}</UniqueIdentifier>
    </Filter>
    <Filter Include="Header Files\IO">
      <UniqueIdentifier>{8a8b1d68-960c-407f-9d16-2a8ab3407ce5}</UniqueIdentifier>
    </Filter>
    <Filter Include="Source Files\IO">
      <UniqueIdentifier>{1993b10c-7830-4ab9-9c5c-251c4b6a0d4a}</UniqueIdentifier>
    </Filter>
    <Filter Include="Header Files\IO\Win32">
      <UniqueIdentifier>{b2498cec-02e4-496a-b743-8a8266d79908}</UniqueIdentifier>
    </Filter>
    <Filter Include="Source Files\IO\Win32">
      <UniqueIdentifier>{7a81e081-b171-4d33-9578-b31e17c69ffe}</UniqueIdentifier>
    </Filter>
    <Filter Include="Header Files\Renderer\Textures\PNG">
      <UniqueIdentifier>{9f45b047-7cf9-490f-b05c-6dd9d0a94724}</UniqueIdentifier>
    </Filter>
    <Filter Include="Source Files\Renderer\Textures\PNG">
      <UniqueIdentifier>{18fe49c8-f82b-4b7b-95da-58cf86b96c36}</UniqueIdentifier>
    </Filter>
    <Filter Include="Header Files\Renderer\Shaders">
      <UniqueIdentifier>{fabb7666-20cc-4a90-810b-a3752a75d0ac}</UniqueIdentifier>
    </Filter>
    <Filter Include="Source Files\Renderer\Shaders">
      <UniqueIdentifier>{3e03d704-b8a8-4612-917e-c6960d33e85e}</UniqueIdentifier>
    </Filter>
    <Filter Include="Header Files\Config">
      <UniqueIdentifier>{daaa0d43-ff90-4be0-8ce9-2356f5a81491}</UniqueIdentifier>
    </Filter>
    <Filter Include="Source Files\Config">
      <UniqueIdentifier>{9d4055ff-ba4f-4de8-b122-6867bd5533b0}</UniqueIdentifier>
    </Filter>
    <Filter Include="Header Files\Audio">
      <UniqueIdentifier>{5416ff20-7cf3-4230-974d-387b87ce0996}</UniqueIdentifier>
    </Filter>
    <Filter Include="Source Files\Audio">
      <UniqueIdentifier>{ca6255cc-2b8f-46d7-993e-8788d3edec81}</UniqueIdentifier>
    </Filter>
    <Filter Include="Header Files\UI">
      <UniqueIdentifier>{4836d302-6fe7-45e1-ab6b-75c2aa84a290}</UniqueIdentifier>
    </Filter>
    <Filter Include="Source Files\UI">
      <UniqueIdentifier>{e8789e45-addf-4def-a6a1-c992d414f087}</UniqueIdentifier>
    </Filter>
    <Filter Include="Header Files\Audio\FMod">
      <UniqueIdentifier>{ebd2cda5-eb0d-4b67-ad82-c670cd1b13f8}</UniqueIdentifier>
    </Filter>
    <Filter Include="Source Files\Audio\FMod">
      <UniqueIdentifier>{f27effcc-bbfa-4f9d-9748-00c55896c94d}</UniqueIdentifier>
    </Filter>
    <Filter Include="Header Files\Audio\Sounds">
      <UniqueIdentifier>{3daf3a64-923a-4300-adde-8bed5bc8bd61}</UniqueIdentifier>
    </Filter>
    <Filter Include="Source Files\Audio\Sounds">
      <UniqueIdentifier>{3c271b21-09f5-404b-977a-0040b9c5cab3}</UniqueIdentifier>
    </Filter>
    <Filter Include="Source Files\UI\Elements">
      <UniqueIdentifier>{45a3ee46-a34f-4dc8-a1f3-0fd3d6b24df5}</UniqueIdentifier>
    </Filter>
    <Filter Include="Header Files\UI\Elements">
      <UniqueIdentifier>{8252e1b9-1692-4d41-aa0c-2a9affd6d827}</UniqueIdentifier>
    </Filter>
    <Filter Include="Header Files\UI\Transitions">
      <UniqueIdentifier>{f7d508d0-34e1-44db-a348-6b8640efec18}</UniqueIdentifier>
    </Filter>
    <Filter Include="Source Files\UI\Transitions">
      <UniqueIdentifier>{f82a92b1-0642-45be-852c-a08c19c0db59}</UniqueIdentifier>
    </Filter>
    <Filter Include="Header Files\Localise">
      <UniqueIdentifier>{925d0210-31e3-416e-b81d-9e982692ec44}</UniqueIdentifier>
    </Filter>
    <Filter Include="Source Files\Localise">
      <UniqueIdentifier>{d2df3b89-a808-450c-aa74-a6f574ecca37}</UniqueIdentifier>
    </Filter>
    <Filter Include="Header Files\Renderer\Text">
      <UniqueIdentifier>{d6bef05f-497c-4ea7-a5a5-cb24ad3cd097}</UniqueIdentifier>
    </Filter>
    <Filter Include="Source Files\Renderer\Text">
      <UniqueIdentifier>{7103e34d-b475-4245-9c98-edf367049298}</UniqueIdentifier>
    </Filter>
    <Filter Include="Header Files\Renderer\Text\FreeType">
      <UniqueIdentifier>{49723d0a-3126-44b7-b269-03ca84c63389}</UniqueIdentifier>
    </Filter>
    <Filter Include="Source Files\Renderer\Text\FreeType">
      <UniqueIdentifier>{c51d6312-2108-49ad-b9aa-c9393aa9a835}</UniqueIdentifier>
    </Filter>
    <Filter Include="Source Files\Resources">
      <UniqueIdentifier>{4c0cd3e2-8ffc-416a-81a8-9446ce7a7228}</UniqueIdentifier>
    </Filter>
    <Filter Include="Header Files\Resources">
      <UniqueIdentifier>{4db05f78-c544-4401-9d25-c2a817b26255}</UniqueIdentifier>
    </Filter>
    <Filter Include="Source Files\Tasks">
      <UniqueIdentifier>{15ab47f2-10d7-49de-aee8-d46c41d57850}</UniqueIdentifier>
    </Filter>
    <Filter Include="Header Files\Tasks">
      <UniqueIdentifier>{dc225c88-2db0-4644-9a13-9a503bb3d3b5}</UniqueIdentifier>
    </Filter>
    <Filter Include="Header Files\Renderer\Atlases">
      <UniqueIdentifier>{a7f7b384-282b-44e3-84d6-410661c09ecb}</UniqueIdentifier>
    </Filter>
    <Filter Include="Source Files\Renderer\Atlases">
      <UniqueIdentifier>{21458556-8340-478a-89e1-9a1581a2bb20}</UniqueIdentifier>
    </Filter>
    <Filter Include="Header Files\UI\Layouts">
      <UniqueIdentifier>{74f18b68-8013-4450-b9f1-25d4c08af89a}</UniqueIdentifier>
    </Filter>
    <Filter Include="Source Files\UI\Layouts">
      <UniqueIdentifier>{6b3ee5c5-7d46-4679-a0a8-881e54e64b7a}</UniqueIdentifier>
    </Filter>
    <Filter Include="Source Files\Input">
      <UniqueIdentifier>{650de775-5db5-40ee-95cb-56591d590ff1}</UniqueIdentifier>
    </Filter>
    <Filter Include="Header Files\Input">
      <UniqueIdentifier>{dd7c6f12-d977-4481-9ee7-066c215347fb}</UniqueIdentifier>
    </Filter>
    <Filter Include="Header Files\Input\Win32">
      <UniqueIdentifier>{fed32da2-9825-429b-9adb-193c0bb83efe}</UniqueIdentifier>
    </Filter>
    <Filter Include="Source Files\Input\Win32">
      <UniqueIdentifier>{815148a2-71b7-4a30-90b3-20bc33411a91}</UniqueIdentifier>
    </Filter>
  </ItemGroup>
  <ItemGroup>
    <ClCompile Include="Engine\GameEngine.cpp">
      <Filter>Source Files\Engine</Filter>
    </ClCompile>
    <ClCompile Include="Renderer\Renderer.cpp">
      <Filter>Source Files\Renderer</Filter>
    </ClCompile>
    <ClCompile Include="Engine\FrameTime.cpp">
      <Filter>Source Files\Engine</Filter>
    </ClCompile>
    <ClCompile Include="Engine\GameEngineConfig.cpp">
      <Filter>Source Files\Engine</Filter>
    </ClCompile>
    <ClCompile Include="Platform\Platform.cpp">
      <Filter>Source Files\Platform</Filter>
    </ClCompile>
    <ClCompile Include="Platform\Win32\Win32_Platform.cpp">
      <Filter>Source Files\Platform\Win32</Filter>
    </ClCompile>
    <ClCompile Include="Renderer\OpenGL\OpenGL_Renderer.cpp">
      <Filter>Source Files\Renderer\OpenGL</Filter>
    </ClCompile>
    <ClCompile Include="Display\Display.cpp">
      <Filter>Source Files\Display</Filter>
    </ClCompile>
    <ClCompile Include="Display\Win32\Win32_Display.cpp">
      <Filter>Source Files\Display\Win32</Filter>
    </ClCompile>
    <ClCompile Include="Scene\Scene.cpp">
      <Filter>Source Files\Scene</Filter>
    </ClCompile>
    <ClCompile Include="Scene\Actor.cpp">
      <Filter>Source Files\Scene</Filter>
    </ClCompile>
    <ClCompile Include="Scene\Camera.cpp">
      <Filter>Source Files\Scene</Filter>
    </ClCompile>
    <ClCompile Include="Engine\GameRunner.cpp">
      <Filter>Source Files\Engine</Filter>
    </ClCompile>
    <ClCompile Include="Renderer\Drawable.cpp">
      <Filter>Source Files\Renderer</Filter>
    </ClCompile>
    <ClCompile Include="Renderer\Textures\TextureFactory.cpp">
      <Filter>Source Files\Renderer\Textures</Filter>
    </ClCompile>
    <ClCompile Include="IO\StreamFactory.cpp">
      <Filter>Source Files\IO</Filter>
    </ClCompile>
    <ClCompile Include="IO\Stream.cpp">
      <Filter>Source Files\IO</Filter>
    </ClCompile>
    <ClCompile Include="Renderer\Textures\Texture.cpp">
      <Filter>Source Files\Renderer\Textures</Filter>
    </ClCompile>
    <ClCompile Include="IO\Win32\Win32_FileStream.cpp">
      <Filter>Source Files\IO\Win32</Filter>
    </ClCompile>
    <ClCompile Include="IO\Win32\Win32_FileStreamFactory.cpp">
      <Filter>Source Files\IO\Win32</Filter>
    </ClCompile>
    <ClCompile Include="Renderer\OpenGL\OpenGL_Texture.cpp">
      <Filter>Source Files\Renderer\OpenGL</Filter>
    </ClCompile>
    <ClCompile Include="Renderer\Textures\TextureAtlas.cpp">
      <Filter>Source Files\Renderer\Textures</Filter>
    </ClCompile>
    <ClCompile Include="Renderer\Shaders\Shader.cpp">
      <Filter>Source Files\Renderer\Shaders</Filter>
    </ClCompile>
    <ClCompile Include="Renderer\Shaders\ShaderFactory.cpp">
      <Filter>Source Files\Renderer\Shaders</Filter>
    </ClCompile>
    <ClCompile Include="Renderer\OpenGL\OpenGL_Shader.cpp">
      <Filter>Source Files\Renderer\OpenGL</Filter>
    </ClCompile>
    <ClCompile Include="Renderer\OpenGL\OpenGL_ShaderFactory.cpp">
      <Filter>Source Files\Renderer\OpenGL</Filter>
    </ClCompile>
    <ClCompile Include="Renderer\Shaders\ShaderProgram.cpp">
      <Filter>Source Files\Renderer\Shaders</Filter>
    </ClCompile>
    <ClCompile Include="Renderer\OpenGL\OpenGL_ShaderProgram.cpp">
      <Filter>Source Files\Renderer\OpenGL</Filter>
    </ClCompile>
    <ClCompile Include="Renderer\Textures\RenderTarget.cpp">
      <Filter>Source Files\Renderer\Textures</Filter>
    </ClCompile>
    <ClCompile Include="Renderer\OpenGL\OpenGL_RenderTarget.cpp">
      <Filter>Source Files\Renderer\OpenGL</Filter>
    </ClCompile>
    <ClCompile Include="Scene\Light.cpp">
      <Filter>Source Files\Scene</Filter>
    </ClCompile>
    <ClCompile Include="Scene\Tickable.cpp">
      <Filter>Source Files\Scene</Filter>
    </ClCompile>
    <ClCompile Include="Renderer\Material.cpp">
      <Filter>Source Files\Renderer</Filter>
    </ClCompile>
    <ClCompile Include="Renderer\RenderPipeline.cpp">
      <Filter>Source Files\Renderer</Filter>
    </ClCompile>
    <ClCompile Include="Config\ConfigFile.cpp">
      <Filter>Source Files\Config</Filter>
    </ClCompile>
    <ClCompile Include="IO\FileWatcher.cpp">
      <Filter>Source Files\IO</Filter>
    </ClCompile>
    <ClCompile Include="Audio\FMod\FMod_AudioRenderer.cpp">
      <Filter>Source Files\Audio\FMod</Filter>
    </ClCompile>
    <ClCompile Include="Audio\FMod\FMod_Sound.cpp">
      <Filter>Source Files\Audio\FMod</Filter>
    </ClCompile>
    <ClCompile Include="Audio\FMod\FMod_SoundFactory.cpp">
      <Filter>Source Files\Audio\FMod</Filter>
    </ClCompile>
    <ClCompile Include="Audio\AudioRenderer.cpp">
      <Filter>Source Files\Audio</Filter>
    </ClCompile>
    <ClCompile Include="Audio\FMod\FMod_SoundChannel.cpp">
      <Filter>Source Files\Audio\FMod</Filter>
    </ClCompile>
    <ClCompile Include="Audio\Sounds\SoundFactory.cpp">
      <Filter>Source Files\Audio\Sounds</Filter>
    </ClCompile>
    <ClCompile Include="Audio\Sounds\SoundChannel.cpp">
      <Filter>Source Files\Audio\Sounds</Filter>
    </ClCompile>
    <ClCompile Include="Renderer\Textures\TextureHandle.cpp">
      <Filter>Source Files\Renderer\Textures</Filter>
    </ClCompile>
    <ClCompile Include="Audio\Sounds\SoundHandle.cpp">
      <Filter>Source Files\Audio\Sounds</Filter>
    </ClCompile>
    <ClCompile Include="UI\UIManager.cpp">
      <Filter>Source Files\UI</Filter>
    </ClCompile>
    <ClCompile Include="UI\UIScene.cpp">
      <Filter>Source Files\UI</Filter>
    </ClCompile>
    <ClCompile Include="UI\UIElement.cpp">
      <Filter>Source Files\UI</Filter>
    </ClCompile>
    <ClCompile Include="UI\UITransition.cpp">
      <Filter>Source Files\UI</Filter>
    </ClCompile>
    <ClCompile Include="Localise\Locale.cpp">
      <Filter>Source Files\Localise</Filter>
    </ClCompile>
    <ClCompile Include="Renderer\Text\Font.cpp">
      <Filter>Source Files\Renderer\Text</Filter>
    </ClCompile>
    <ClCompile Include="Renderer\Text\FontHandle.cpp">
      <Filter>Source Files\Renderer\Text</Filter>
    </ClCompile>
    <ClCompile Include="Renderer\Text\FontFactory.cpp">
      <Filter>Source Files\Renderer\Text</Filter>
    </ClCompile>
    <ClCompile Include="Audio\Sounds\Sound.cpp">
      <Filter>Source Files\Audio\Sounds</Filter>
    </ClCompile>
    <ClCompile Include="Renderer\Text\FreeType\FreeType_FontFactory.cpp">
      <Filter>Source Files\Renderer\Text\FreeType</Filter>
    </ClCompile>
    <ClCompile Include="Renderer\Text\FreeType\FreeType_Font.cpp">
      <Filter>Source Files\Renderer\Text\FreeType</Filter>
    </ClCompile>
    <ClCompile Include="Renderer\Text\FontRenderer.cpp">
      <Filter>Source Files\Renderer\Text</Filter>
    </ClCompile>
    <ClCompile Include="Resources\Reloadable.cpp">
      <Filter>Source Files\Resources</Filter>
    </ClCompile>
    <ClCompile Include="Resources\ResourceCompiler.cpp">
      <Filter>Source Files\Resources</Filter>
    </ClCompile>
    <ClCompile Include="Renderer\Text\FreeType\FreeType_ResourceCompiler.cpp">
      <Filter>Source Files\Renderer\Text\FreeType</Filter>
    </ClCompile>
    <ClCompile Include="Tasks\TaskManager.cpp">
      <Filter>Source Files\Tasks</Filter>
    </ClCompile>
    <ClCompile Include="Tasks\Task.cpp">
      <Filter>Source Files\Tasks</Filter>
    </ClCompile>
    <ClCompile Include="Renderer\Atlases\Atlas.cpp">
      <Filter>Source Files\Renderer\Atlases</Filter>
    </ClCompile>
    <ClCompile Include="Renderer\Atlases\AtlasFactory.cpp">
      <Filter>Source Files\Renderer\Atlases</Filter>
    </ClCompile>
    <ClCompile Include="Renderer\Atlases\AtlasHandle.cpp">
      <Filter>Source Files\Renderer\Atlases</Filter>
    </ClCompile>
    <ClCompile Include="Renderer\Atlases\AtlasResourceCompiler.cpp">
      <Filter>Source Files\Renderer\Atlases</Filter>
    </ClCompile>
    <ClCompile Include="Renderer\Atlases\AtlasRenderer.cpp">
      <Filter>Source Files\Renderer\Atlases</Filter>
    </ClCompile>
    <ClCompile Include="UI\Layouts\UILayout.cpp">
      <Filter>Source Files\UI\Layouts</Filter>
    </ClCompile>
    <ClCompile Include="UI\Layouts\UILayoutHandle.cpp">
      <Filter>Source Files\UI\Layouts</Filter>
    </ClCompile>
    <ClCompile Include="UI\Layouts\UILayoutFactory.cpp">
      <Filter>Source Files\UI\Layouts</Filter>
    </ClCompile>
    <ClCompile Include="UI\Elements\UIMenuBar.cpp">
      <Filter>Source Files\UI\Elements</Filter>
    </ClCompile>
    <ClCompile Include="UI\Elements\UIMenuItem.cpp">
      <Filter>Source Files\UI\Elements</Filter>
    </ClCompile>
    <ClCompile Include="Platform\Win32\Win32_EntryPoint.cpp">
      <Filter>Source Files\Platform\Win32</Filter>
    </ClCompile>
    <ClCompile Include="Input\Input.cpp">
      <Filter>Source Files\Input</Filter>
    </ClCompile>
    <ClCompile Include="Input\Win32\Win32_Input.cpp">
      <Filter>Source Files\Input\Win32</Filter>
    </ClCompile>
    <ClCompile Include="Input\Win32\Win32_KeyboardState.cpp">
      <Filter>Source Files\Input\Win32</Filter>
    </ClCompile>
    <ClCompile Include="Input\Win32\Win32_MouseState.cpp">
      <Filter>Source Files\Input\Win32</Filter>
    </ClCompile>
    <ClCompile Include="UI\UIFrame.cpp">
      <Filter>Source Files\UI</Filter>
    </ClCompile>
    <ClCompile Include="UI\Elements\UILabel.cpp">
      <Filter>Source Files\UI\Elements</Filter>
    </ClCompile>
    <ClCompile Include="Renderer\Textures\Pixmap.cpp">
      <Filter>Source Files\Renderer\Textures</Filter>
    </ClCompile>
    <ClCompile Include="Renderer\Textures\PNG\PNGPixmapFactory.cpp">
      <Filter>Source Files\Renderer\Textures\PNG</Filter>
    </ClCompile>
    <ClCompile Include="Renderer\Textures\PixmapFactory.cpp">
      <Filter>Source Files\Renderer\Textures</Filter>
    </ClCompile>
    <ClCompile Include="UI\Elements\UISplitContainer.cpp">
      <Filter>Source Files\UI\Elements</Filter>
    </ClCompile>
    <ClCompile Include="UI\Elements\UISplitContainerItem.cpp">
      <Filter>Source Files\UI\Elements</Filter>
    </ClCompile>
    <ClCompile Include="UI\Elements\UIPanel.cpp">
      <Filter>Source Files\UI\Elements</Filter>
    </ClCompile>
    <ClCompile Include="Renderer\PrimitiveRenderer.cpp">
      <Filter>Source Files\Renderer</Filter>
    </ClCompile>
    <ClCompile Include="UI\Elements\UIToolbar.cpp">
      <Filter>Source Files\UI\Elements</Filter>
    </ClCompile>
    <ClCompile Include="UI\Elements\UIToolbarItem.cpp">
      <Filter>Source Files\UI\Elements</Filter>
    </ClCompile>
    <ClCompile Include="UI\UIEvent.cpp">
      <Filter>Source Files\UI</Filter>
    </ClCompile>
  </ItemGroup>
  <ItemGroup>
    <ClInclude Include="Engine\GameEngine.h">
      <Filter>Header Files\Engine</Filter>
    </ClInclude>
    <ClInclude Include="Renderer\Renderer.h">
      <Filter>Header Files\Renderer</Filter>
    </ClInclude>
    <ClInclude Include="Engine\FrameTime.h">
      <Filter>Header Files\Engine</Filter>
    </ClInclude>
    <ClInclude Include="Engine\GameEngineConfig.h">
      <Filter>Header Files\Engine</Filter>
    </ClInclude>
    <ClInclude Include="Platform\Platform.h">
      <Filter>Header Files\Platform</Filter>
    </ClInclude>
    <ClInclude Include="Platform\Win32\Win32_Platform.h">
      <Filter>Header Files\Platform\Win32</Filter>
    </ClInclude>
    <ClInclude Include="Renderer\OpenGL\OpenGL_Renderer.h">
      <Filter>Header Files\Renderer\OpenGL</Filter>
    </ClInclude>
    <ClInclude Include="Display\Display.h">
      <Filter>Header Files\Display</Filter>
    </ClInclude>
    <ClInclude Include="Display\Win32\Win32_Display.h">
      <Filter>Header Files\Display\Win32</Filter>
    </ClInclude>
    <ClInclude Include="Scene\Scene.h">
      <Filter>Header Files\Scene</Filter>
    </ClInclude>
    <ClInclude Include="Scene\Actor.h">
      <Filter>Header Files\Scene</Filter>
    </ClInclude>
    <ClInclude Include="Scene\Camera.h">
      <Filter>Header Files\Scene</Filter>
    </ClInclude>
    <ClInclude Include="Engine\GameRunner.h">
      <Filter>Header Files\Engine</Filter>
    </ClInclude>
    <ClInclude Include="Renderer\Drawable.h">
      <Filter>Header Files\Renderer</Filter>
    </ClInclude>
    <ClInclude Include="Renderer\Textures\TextureFactory.h">
      <Filter>Header Files\Renderer\Textures</Filter>
    </ClInclude>
    <ClInclude Include="IO\StreamFactory.h">
      <Filter>Header Files\IO</Filter>
    </ClInclude>
    <ClInclude Include="IO\Stream.h">
      <Filter>Header Files\IO</Filter>
    </ClInclude>
    <ClInclude Include="Renderer\Textures\Texture.h">
      <Filter>Header Files\Renderer\Textures</Filter>
    </ClInclude>
    <ClInclude Include="IO\Win32\Win32_FileStream.h">
      <Filter>Header Files\IO\Win32</Filter>
    </ClInclude>
    <ClInclude Include="IO\Win32\Win32_FileStreamFactory.h">
      <Filter>Header Files\IO\Win32</Filter>
    </ClInclude>
    <ClInclude Include="Renderer\OpenGL\OpenGL_Texture.h">
      <Filter>Header Files\Renderer\OpenGL</Filter>
    </ClInclude>
    <ClInclude Include="Renderer\Textures\TextureAtlas.h">
      <Filter>Header Files\Renderer\Textures</Filter>
    </ClInclude>
    <ClInclude Include="Renderer\Shaders\Shader.h">
      <Filter>Header Files\Renderer\Shaders</Filter>
    </ClInclude>
    <ClInclude Include="Renderer\Shaders\ShaderFactory.h">
      <Filter>Header Files\Renderer\Shaders</Filter>
    </ClInclude>
    <ClInclude Include="Renderer\OpenGL\OpenGL_Shader.h">
      <Filter>Header Files\Renderer\OpenGL</Filter>
    </ClInclude>
    <ClInclude Include="Renderer\OpenGL\OpenGL_ShaderFactory.h">
      <Filter>Header Files\Renderer\OpenGL</Filter>
    </ClInclude>
    <ClInclude Include="Renderer\Shaders\ShaderProgram.h">
      <Filter>Header Files\Renderer\Shaders</Filter>
    </ClInclude>
    <ClInclude Include="Renderer\OpenGL\OpenGL_ShaderProgram.h">
      <Filter>Header Files\Renderer\OpenGL</Filter>
    </ClInclude>
    <ClInclude Include="Renderer\Textures\RenderTarget.h">
      <Filter>Header Files\Renderer\Textures</Filter>
    </ClInclude>
    <ClInclude Include="Renderer\OpenGL\OpenGL_RenderTarget.h">
      <Filter>Header Files\Renderer\OpenGL</Filter>
    </ClInclude>
    <ClInclude Include="Scene\Light.h">
      <Filter>Header Files\Scene</Filter>
    </ClInclude>
    <ClInclude Include="Scene\Tickable.h">
      <Filter>Header Files\Scene</Filter>
    </ClInclude>
    <ClInclude Include="Renderer\Material.h">
      <Filter>Header Files\Renderer</Filter>
    </ClInclude>
    <ClInclude Include="Renderer\RenderPipeline.h">
      <Filter>Header Files\Renderer</Filter>
    </ClInclude>
    <ClInclude Include="Config\ConfigFile.h">
      <Filter>Header Files\Config</Filter>
    </ClInclude>
    <ClInclude Include="IO\FileWatcher.h">
      <Filter>Header Files\IO</Filter>
    </ClInclude>
    <ClInclude Include="Audio\AudioRenderer.h">
      <Filter>Header Files\Audio</Filter>
    </ClInclude>
    <ClInclude Include="Audio\FMod\FMod_AudioRenderer.h">
      <Filter>Header Files\Audio\FMod</Filter>
    </ClInclude>
    <ClInclude Include="Audio\Sounds\Sound.h">
      <Filter>Header Files\Audio\Sounds</Filter>
    </ClInclude>
    <ClInclude Include="Audio\Sounds\SoundFactory.h">
      <Filter>Header Files\Audio\Sounds</Filter>
    </ClInclude>
    <ClInclude Include="Audio\FMod\FMod_Sound.h">
      <Filter>Header Files\Audio\FMod</Filter>
    </ClInclude>
    <ClInclude Include="Audio\FMod\FMod_SoundFactory.h">
      <Filter>Header Files\Audio\FMod</Filter>
    </ClInclude>
    <ClInclude Include="Audio\FMOD\FMod_SoundChannel.h">
      <Filter>Header Files\Audio\FMod</Filter>
    </ClInclude>
    <ClInclude Include="Audio\Sounds\SoundChannel.h">
      <Filter>Header Files\Audio\Sounds</Filter>
    </ClInclude>
    <ClInclude Include="Audio\Sounds\SoundHandle.h">
      <Filter>Header Files\Audio\Sounds</Filter>
    </ClInclude>
    <ClInclude Include="Renderer\Textures\TextureHandle.h">
      <Filter>Header Files\Renderer\Textures</Filter>
    </ClInclude>
    <ClInclude Include="UI\UIManager.h">
      <Filter>Header Files\UI</Filter>
    </ClInclude>
    <ClInclude Include="UI\UIScene.h">
      <Filter>Header Files\UI</Filter>
    </ClInclude>
    <ClInclude Include="UI\UIElement.h">
      <Filter>Header Files\UI</Filter>
    </ClInclude>
    <ClInclude Include="UI\UITransition.h">
      <Filter>Header Files\UI</Filter>
    </ClInclude>
    <ClInclude Include="Localise\Locale.h">
      <Filter>Header Files\Localise</Filter>
    </ClInclude>
    <ClInclude Include="Renderer\Text\FontFactory.h">
      <Filter>Header Files\Renderer\Text</Filter>
    </ClInclude>
    <ClInclude Include="Renderer\Text\Font.h">
      <Filter>Header Files\Renderer\Text</Filter>
    </ClInclude>
    <ClInclude Include="Renderer\Text\FontHandle.h">
      <Filter>Header Files\Renderer\Text</Filter>
    </ClInclude>
    <ClInclude Include="Renderer\Text\FreeType\FreeType_FontFactory.h">
      <Filter>Header Files\Renderer\Text\FreeType</Filter>
    </ClInclude>
    <ClInclude Include="Renderer\Text\FreeType\FreeType_Font.h">
      <Filter>Header Files\Renderer\Text\FreeType</Filter>
    </ClInclude>
    <ClInclude Include="Renderer\Text\FontRenderer.h">
      <Filter>Header Files\Renderer\Text</Filter>
    </ClInclude>
    <ClInclude Include="Resources\Reloadable.h">
      <Filter>Header Files\Resources</Filter>
    </ClInclude>
    <ClInclude Include="Resources\ResourceCompiler.h">
      <Filter>Header Files\Resources</Filter>
    </ClInclude>
    <ClInclude Include="Renderer\Text\FreeType\FreeType_ResourceCompiler.h">
      <Filter>Header Files\Renderer\Text\FreeType</Filter>
    </ClInclude>
    <ClInclude Include="Tasks\TaskManager.h">
      <Filter>Header Files\Tasks</Filter>
    </ClInclude>
    <ClInclude Include="Tasks\Task.h">
      <Filter>Header Files\Tasks</Filter>
    </ClInclude>
    <ClInclude Include="Renderer\Atlases\Atlas.h">
      <Filter>Header Files\Renderer\Atlases</Filter>
    </ClInclude>
    <ClInclude Include="Renderer\Atlases\AtlasFactory.h">
      <Filter>Header Files\Renderer\Atlases</Filter>
    </ClInclude>
    <ClInclude Include="Renderer\Atlases\AtlasHandle.h">
      <Filter>Header Files\Renderer\Atlases</Filter>
    </ClInclude>
    <ClInclude Include="Renderer\Atlases\AtlasResourceCompiler.h">
      <Filter>Header Files\Renderer\Atlases</Filter>
    </ClInclude>
    <ClInclude Include="Renderer\Atlases\AtlasRenderer.h">
      <Filter>Header Files\Renderer\Atlases</Filter>
    </ClInclude>
    <ClInclude Include="UI\Layouts\UILayout.h">
      <Filter>Header Files\UI\Layouts</Filter>
    </ClInclude>
    <ClInclude Include="UI\Layouts\UILayoutHandle.h">
      <Filter>Header Files\UI\Layouts</Filter>
    </ClInclude>
    <ClInclude Include="UI\Layouts\UILayoutFactory.h">
      <Filter>Header Files\UI\Layouts</Filter>
    </ClInclude>
    <ClInclude Include="UI\Elements\UIMenuBar.h">
      <Filter>Header Files\UI\Elements</Filter>
    </ClInclude>
    <ClInclude Include="UI\Elements\UIMenuItem.h">
      <Filter>Header Files\UI\Elements</Filter>
    </ClInclude>
    <ClInclude Include="Version.h">
      <Filter>Source Files</Filter>
    </ClInclude>
    <ClInclude Include="Platform\Win32\Win32_EntryPoint.h">
      <Filter>Header Files\Platform\Win32</Filter>
    </ClInclude>
    <ClInclude Include="Input\Input.h">
      <Filter>Header Files\Input</Filter>
    </ClInclude>
    <ClInclude Include="Input\Win32\Win32_Input.h">
      <Filter>Header Files\Input\Win32</Filter>
    </ClInclude>
    <ClInclude Include="Input\KeyboardState.h">
      <Filter>Header Files\Input</Filter>
    </ClInclude>
    <ClInclude Include="Input\MouseState.h">
      <Filter>Header Files\Input</Filter>
    </ClInclude>
    <ClInclude Include="Input\Win32\Win32_KeyboardState.h">
      <Filter>Header Files\Input\Win32</Filter>
    </ClInclude>
    <ClInclude Include="Input\Win32\Win32_MouseState.h">
      <Filter>Header Files\Input\Win32</Filter>
    </ClInclude>
    <ClInclude Include="UI\UIFrame.h">
      <Filter>Header Files\UI</Filter>
    </ClInclude>
    <ClInclude Include="UI\Elements\UILabel.h">
      <Filter>Header Files\UI\Elements</Filter>
    </ClInclude>
    <ClInclude Include="Renderer\Textures\Pixmap.h">
      <Filter>Header Files\Renderer\Textures</Filter>
    </ClInclude>
    <ClInclude Include="Renderer\Textures\PNG\PNGPixmapFactory.h">
      <Filter>Header Files\Renderer\Textures\PNG</Filter>
    </ClInclude>
    <ClInclude Include="Renderer\Textures\PixmapFactory.h">
      <Filter>Header Files\Renderer\Textures</Filter>
    </ClInclude>
    <ClInclude Include="Renderer\Textures\TextureFormat.h">
      <Filter>Header Files\Renderer\Textures</Filter>
    </ClInclude>
    <ClInclude Include="Renderer\Textures\PixmapFormat.h">
      <Filter>Header Files\Renderer\Textures</Filter>
    </ClInclude>
    <ClInclude Include="UI\Elements\UISplitContainer.h">
      <Filter>Header Files\UI\Elements</Filter>
    </ClInclude>
    <ClInclude Include="UI\Elements\UISplitContainerItem.h">
      <Filter>Header Files\UI\Elements</Filter>
    </ClInclude>
    <ClInclude Include="UI\Elements\UIPanel.h">
      <Filter>Header Files\UI\Elements</Filter>
    </ClInclude>
    <ClInclude Include="Renderer\PrimitiveRenderer.h">
      <Filter>Header Files\Renderer</Filter>
    </ClInclude>
    <ClInclude Include="UI\Elements\UIToolbar.h">
      <Filter>Header Files\UI\Elements</Filter>
    </ClInclude>
    <ClInclude Include="UI\Elements\UIToolbarItem.h">
      <Filter>Header Files\UI\Elements</Filter>
    </ClInclude>
    <ClInclude Include="UI\UIEvent.h">
      <Filter>Header Files\UI</Filter>
    </ClInclude>
  </ItemGroup>
  <ItemGroup>
    <None Include="Engine\GameEngineConfig.inc">
      <Filter>Header Files\Engine</Filter>
    </None>
    <None Include="Renderer\RenderPipeline_StateSettingType.inc">
      <Filter>Header Files\Renderer</Filter>
    </None>
    <None Include="Renderer\RenderPipeline_ShaderUniformType.inc">
      <Filter>Header Files\Renderer</Filter>
    </None>
    <None Include="Renderer\Renderer_RenderOptions.inc">
      <Filter>Header Files\Renderer</Filter>
    </None>
    <None Include="UI\Elements\UIElementDefinitions.inc">
      <Filter>Header Files\UI\Elements</Filter>
    </None>
    <None Include="UI\UIEventList.inc">
      <Filter>Header Files\UI</Filter>
    </None>
  </ItemGroup>
</Project>